
Microsoft Visual Studio Solution File, Format Version 12.00
# Visual Studio 15
VisualStudioVersion = 15.0.28307.572
MinimumVisualStudioVersion = 10.0.40219.1
Project("{FAE04EC0-301F-11D3-BF4B-00C04F79EFBC}") = "Strategy", "DesignPatterns\Strategy.csproj", "{D5ADE9DA-C33C-4AC9-8E0F-6289105BCF25}"
EndProject
Project("{FAE04EC0-301F-11D3-BF4B-00C04F79EFBC}") = "Observer", "Observer\Observer.csproj", "{6C68408C-B186-4137-AC3A-5EFBAE3CA84B}"
EndProject
Project("{FAE04EC0-301F-11D3-BF4B-00C04F79EFBC}") = "Decorator", "Decorator\Decorator.csproj", "{8E111729-197C-4DD4-9117-5A187CF2EBDF}"
EndProject
Global
	GlobalSection(SolutionConfigurationPlatforms) = preSolution
		Debug|Any CPU = Debug|Any CPU
		Release|Any CPU = Release|Any CPU
	EndGlobalSection
	GlobalSection(ProjectConfigurationPlatforms) = postSolution
		{D5ADE9DA-C33C-4AC9-8E0F-6289105BCF25}.Debug|Any CPU.ActiveCfg = Debug|Any CPU
		{D5ADE9DA-C33C-4AC9-8E0F-6289105BCF25}.Debug|Any CPU.Build.0 = Debug|Any CPU
		{D5ADE9DA-C33C-4AC9-8E0F-6289105BCF25}.Release|Any CPU.ActiveCfg = Release|Any CPU
		{D5ADE9DA-C33C-4AC9-8E0F-6289105BCF25}.Release|Any CPU.Build.0 = Release|Any CPU
		{6C68408C-B186-4137-AC3A-5EFBAE3CA84B}.Debug|Any CPU.ActiveCfg = Debug|Any CPU
		{6C68408C-B186-4137-AC3A-5EFBAE3CA84B}.Debug|Any CPU.Build.0 = Debug|Any CPU
		{6C68408C-B186-4137-AC3A-5EFBAE3CA84B}.Release|Any CPU.ActiveCfg = Release|Any CPU
		{6C68408C-B186-4137-AC3A-5EFBAE3CA84B}.Release|Any CPU.Build.0 = Release|Any CPU
		{8E111729-197C-4DD4-9117-5A187CF2EBDF}.Debug|Any CPU.ActiveCfg = Debug|Any CPU
		{8E111729-197C-4DD4-9117-5A187CF2EBDF}.Debug|Any CPU.Build.0 = Debug|Any CPU
		{8E111729-197C-4DD4-9117-5A187CF2EBDF}.Release|Any CPU.ActiveCfg = Release|Any CPU
		{8E111729-197C-4DD4-9117-5A187CF2EBDF}.Release|Any CPU.Build.0 = Release|Any CPU
	EndGlobalSection
	GlobalSection(SolutionProperties) = preSolution
		HideSolutionNode = FALSE
	EndGlobalSection
	GlobalSection(ExtensibilityGlobals) = postSolution
		SolutionGuid = {BCC40C5E-EC70-4835-ADA1-E9D2182E953E}
	EndGlobalSection
EndGlobal
